
Microsoft Visual Studio Solution File, Format Version 12.00
# Visual Studio Version 17
VisualStudioVersion = 17.9.34723.18
MinimumVisualStudioVersion = 10.0.40219.1
Project("{FAE04EC0-301F-11D3-BF4B-00C04F79EFBC}") = "Trade", "Trade\Trade.csproj", "{4DCD88D1-D203-4084-8BA8-7452FAD9F3F8}"
EndProject
Global
	GlobalSection(SolutionConfigurationPlatforms) = preSolution
		Debug|Any CPU = Debug|Any CPU
		Release|Any CPU = Release|Any CPU
	EndGlobalSection
	GlobalSection(ProjectConfigurationPlatforms) = postSolution
		{4DCD88D1-D203-4084-8BA8-7452FAD9F3F8}.Debug|Any CPU.ActiveCfg = Debug|Any CPU
		{4DCD88D1-D203-4084-8BA8-7452FAD9F3F8}.Debug|Any CPU.Build.0 = Debug|Any CPU
		{4DCD88D1-D203-4084-8BA8-7452FAD9F3F8}.Release|Any CPU.ActiveCfg = Release|Any CPU
		{4DCD88D1-D203-4084-8BA8-7452FAD9F3F8}.Release|Any CPU.Build.0 = Release|Any CPU
	EndGlobalSection
	GlobalSection(SolutionProperties) = preSolution
		HideSolutionNode = FALSE
	EndGlobalSection
	GlobalSection(ExtensibilityGlobals) = postSolution
		SolutionGuid = {10818D05-AF46-42B3-904A-59DABB78D4C0}
	EndGlobalSection
EndGlobal
